
Microsoft Visual Studio Solution File, Format Version 11.00
# Visual Studio 2010
Project("{FAE04EC0-301F-11D3-BF4B-00C04F79EFBC}") = "FSP.MAST.Scripts", "FSP.MAST.Scripts.csproj", "{D29983C3-402F-6FE2-C17A-E6013FF9A79F}"
EndProject
Project("{FAE04EC0-301F-11D3-BF4B-00C04F79EFBC}") = "Assembly-CSharp", "Assembly-CSharp.csproj", "{85A010E9-A639-CD2E-04B9-B8D037E5AC1F}"
EndProject
Project("{FAE04EC0-301F-11D3-BF4B-00C04F79EFBC}") = "Assembly-CSharp-Editor", "Assembly-CSharp-Editor.csproj", "{E5051C3E-86DF-EDEB-3648-FAB77FBBB2AD}"
EndProject
Global
	GlobalSection(SolutionConfigurationPlatforms) = preSolution
		Debug|Any CPU = Debug|Any CPU
		Release|Any CPU = Release|Any CPU
	EndGlobalSection
	GlobalSection(ProjectConfigurationPlatforms) = postSolution
		{D29983C3-402F-6FE2-C17A-E6013FF9A79F}.Debug|Any CPU.ActiveCfg = Debug|Any CPU
		{D29983C3-402F-6FE2-C17A-E6013FF9A79F}.Debug|Any CPU.Build.0 = Debug|Any CPU
		{D29983C3-402F-6FE2-C17A-E6013FF9A79F}.Release|Any CPU.ActiveCfg = Release|Any CPU
		{D29983C3-402F-6FE2-C17A-E6013FF9A79F}.Release|Any CPU.Build.0 = Release|Any CPU
		{85A010E9-A639-CD2E-04B9-B8D037E5AC1F}.Debug|Any CPU.ActiveCfg = Debug|Any CPU
		{85A010E9-A639-CD2E-04B9-B8D037E5AC1F}.Debug|Any CPU.Build.0 = Debug|Any CPU
		{85A010E9-A639-CD2E-04B9-B8D037E5AC1F}.Release|Any CPU.ActiveCfg = Release|Any CPU
		{85A010E9-A639-CD2E-04B9-B8D037E5AC1F}.Release|Any CPU.Build.0 = Release|Any CPU
		{E5051C3E-86DF-EDEB-3648-FAB77FBBB2AD}.Debug|Any CPU.ActiveCfg = Debug|Any CPU
		{E5051C3E-86DF-EDEB-3648-FAB77FBBB2AD}.Debug|Any CPU.Build.0 = Debug|Any CPU
		{E5051C3E-86DF-EDEB-3648-FAB77FBBB2AD}.Release|Any CPU.ActiveCfg = Release|Any CPU
		{E5051C3E-86DF-EDEB-3648-FAB77FBBB2AD}.Release|Any CPU.Build.0 = Release|Any CPU
	EndGlobalSection
	GlobalSection(SolutionProperties) = preSolution
		HideSolutionNode = FALSE
	EndGlobalSection
EndGlobal
